
Microsoft Visual Studio Solution File, Format Version 12.00
# Visual Studio Version 16
VisualStudioVersion = 16.0.31005.135
MinimumVisualStudioVersion = 10.0.40219.1
Project("{FAE04EC0-301F-11D3-BF4B-00C04F79EFBC}") = "revision edad", "revision edad.csproj", "{06BC64C4-A366-4CB0-995A-A70F98446C73}"
EndProject
Global
	GlobalSection(SolutionConfigurationPlatforms) = preSolution
		Debug|Any CPU = Debug|Any CPU
		Release|Any CPU = Release|Any CPU
	EndGlobalSection
	GlobalSection(ProjectConfigurationPlatforms) = postSolution
		{06BC64C4-A366-4CB0-995A-A70F98446C73}.Debug|Any CPU.ActiveCfg = Debug|Any CPU
		{06BC64C4-A366-4CB0-995A-A70F98446C73}.Debug|Any CPU.Build.0 = Debug|Any CPU
		{06BC64C4-A366-4CB0-995A-A70F98446C73}.Release|Any CPU.ActiveCfg = Release|Any CPU
		{06BC64C4-A366-4CB0-995A-A70F98446C73}.Release|Any CPU.Build.0 = Release|Any CPU
	EndGlobalSection
	GlobalSection(SolutionProperties) = preSolution
		HideSolutionNode = FALSE
	EndGlobalSection
	GlobalSection(ExtensibilityGlobals) = postSolution
		SolutionGuid = {F91BBBA4-9ACC-4B77-81C3-6CB3E5030D02}
	EndGlobalSection
EndGlobal
